
Microsoft Visual Studio Solution File, Format Version 12.00
# Visual Studio 15
VisualStudioVersion = 15.0.28010.2036
MinimumVisualStudioVersion = 10.0.40219.1
Project("{8BC9CEB8-8B4A-11D0-8D11-00A0C91BC942}") = "ConsoleApplication1", "ConsoleApplication1\ConsoleApplication1.vcxproj", "{AC6B6E3B-1E58-45CE-9FDF-18BAF40B5DC9}"
EndProject
Global
	GlobalSection(SolutionConfigurationPlatforms) = preSolution
		Debug|x64 = Debug|x64
		Debug|x86 = Debug|x86
		Release|x64 = Release|x64
		Release|x86 = Release|x86
	EndGlobalSection
	GlobalSection(ProjectConfigurationPlatforms) = postSolution
		{AC6B6E3B-1E58-45CE-9FDF-18BAF40B5DC9}.Debug|x64.ActiveCfg = Debug|x64
		{AC6B6E3B-1E58-45CE-9FDF-18BAF40B5DC9}.Debug|x64.Build.0 = Debug|x64
		{AC6B6E3B-1E58-45CE-9FDF-18BAF40B5DC9}.Debug|x86.ActiveCfg = Debug|Win32
		{AC6B6E3B-1E58-45CE-9FDF-18BAF40B5DC9}.Debug|x86.Build.0 = Debug|Win32
		{AC6B6E3B-1E58-45CE-9FDF-18BAF40B5DC9}.Release|x64.ActiveCfg = Release|x64
		{AC6B6E3B-1E58-45CE-9FDF-18BAF40B5DC9}.Release|x64.Build.0 = Release|x64
		{AC6B6E3B-1E58-45CE-9FDF-18BAF40B5DC9}.Release|x86.ActiveCfg = Release|Win32
		{AC6B6E3B-1E58-45CE-9FDF-18BAF40B5DC9}.Release|x86.Build.0 = Release|Win32
	EndGlobalSection
	GlobalSection(SolutionProperties) = preSolution
		HideSolutionNode = FALSE
	EndGlobalSection
	GlobalSection(ExtensibilityGlobals) = postSolution
		SolutionGuid = {484DF5A8-913E-47FE-BDAA-705536B711D5}
	EndGlobalSection
EndGlobal
